
Microsoft Visual Studio Solution File, Format Version 12.00
# Visual Studio 15
Project("{FAE04EC0-301F-11D3-BF4B-00C04F79EFBC}") = "TestAPI", "TestAPI\TestAPI.csproj", "{5D0B36E1-71A4-4BF4-960C-55ABA13FB449}"
EndProject
Project("{E53339B2-1760-4266-BCC7-CA923CBCF16C}") = "docker-compose", "docker-compose.dcproj", "{301B77D8-D3D1-4FD9-B771-3DFE4F06B768}"
EndProject
Global
	GlobalSection(SolutionConfigurationPlatforms) = preSolution
		Debug|Any CPU = Debug|Any CPU
		Release|Any CPU = Release|Any CPU
	EndGlobalSection
	GlobalSection(ProjectConfigurationPlatforms) = postSolution
		{5D0B36E1-71A4-4BF4-960C-55ABA13FB449}.Debug|Any CPU.ActiveCfg = Debug|Any CPU
		{5D0B36E1-71A4-4BF4-960C-55ABA13FB449}.Debug|Any CPU.Build.0 = Debug|Any CPU
		{5D0B36E1-71A4-4BF4-960C-55ABA13FB449}.Release|Any CPU.ActiveCfg = Release|Any CPU
		{5D0B36E1-71A4-4BF4-960C-55ABA13FB449}.Release|Any CPU.Build.0 = Release|Any CPU
		{301B77D8-D3D1-4FD9-B771-3DFE4F06B768}.Debug|Any CPU.ActiveCfg = Debug|Any CPU
		{301B77D8-D3D1-4FD9-B771-3DFE4F06B768}.Debug|Any CPU.Build.0 = Debug|Any CPU
		{301B77D8-D3D1-4FD9-B771-3DFE4F06B768}.Release|Any CPU.ActiveCfg = Release|Any CPU
		{301B77D8-D3D1-4FD9-B771-3DFE4F06B768}.Release|Any CPU.Build.0 = Release|Any CPU
	EndGlobalSection
EndGlobal
